
Microsoft Visual Studio Solution File, Format Version 12.00
Project("{FAE04EC0-301F-11D3-BF4B-00C04F79EFBC}") = "ConsoleApp5.1", "ConsoleApp5.1\ConsoleApp5.1.csproj", "{41375102-9D4E-4363-AE9B-0704F60D3E85}"
EndProject
Project("{FAE04EC0-301F-11D3-BF4B-00C04F79EFBC}") = "ConsoleApp5.2", "ConsoleApp5.2\ConsoleApp5.2.csproj", "{42C2DD3D-2FD9-4B4A-A306-1555E0FAC193}"
EndProject
Project("{FAE04EC0-301F-11D3-BF4B-00C04F79EFBC}") = "ConsoleApp5.3", "ConsoleApp5.3\ConsoleApp5.3.csproj", "{678BDC2E-42EF-4DF7-B5DD-B76D8C0D6BE9}"
EndProject
Project("{FAE04EC0-301F-11D3-BF4B-00C04F79EFBC}") = "ConsoleApp5.4", "ConsoleApp5.4\ConsoleApp5.4.csproj", "{9C1DFEF4-8B64-4D63-B7AD-9E30705EF6FB}"
EndProject
Global
	GlobalSection(SolutionConfigurationPlatforms) = preSolution
		Debug|Any CPU = Debug|Any CPU
		Release|Any CPU = Release|Any CPU
	EndGlobalSection
	GlobalSection(ProjectConfigurationPlatforms) = postSolution
		{41375102-9D4E-4363-AE9B-0704F60D3E85}.Debug|Any CPU.ActiveCfg = Debug|Any CPU
		{41375102-9D4E-4363-AE9B-0704F60D3E85}.Debug|Any CPU.Build.0 = Debug|Any CPU
		{41375102-9D4E-4363-AE9B-0704F60D3E85}.Release|Any CPU.ActiveCfg = Release|Any CPU
		{41375102-9D4E-4363-AE9B-0704F60D3E85}.Release|Any CPU.Build.0 = Release|Any CPU
		{42C2DD3D-2FD9-4B4A-A306-1555E0FAC193}.Debug|Any CPU.ActiveCfg = Debug|Any CPU
		{42C2DD3D-2FD9-4B4A-A306-1555E0FAC193}.Debug|Any CPU.Build.0 = Debug|Any CPU
		{42C2DD3D-2FD9-4B4A-A306-1555E0FAC193}.Release|Any CPU.ActiveCfg = Release|Any CPU
		{42C2DD3D-2FD9-4B4A-A306-1555E0FAC193}.Release|Any CPU.Build.0 = Release|Any CPU
		{678BDC2E-42EF-4DF7-B5DD-B76D8C0D6BE9}.Debug|Any CPU.ActiveCfg = Debug|Any CPU
		{678BDC2E-42EF-4DF7-B5DD-B76D8C0D6BE9}.Debug|Any CPU.Build.0 = Debug|Any CPU
		{678BDC2E-42EF-4DF7-B5DD-B76D8C0D6BE9}.Release|Any CPU.ActiveCfg = Release|Any CPU
		{678BDC2E-42EF-4DF7-B5DD-B76D8C0D6BE9}.Release|Any CPU.Build.0 = Release|Any CPU
		{9C1DFEF4-8B64-4D63-B7AD-9E30705EF6FB}.Debug|Any CPU.ActiveCfg = Debug|Any CPU
		{9C1DFEF4-8B64-4D63-B7AD-9E30705EF6FB}.Debug|Any CPU.Build.0 = Debug|Any CPU
		{9C1DFEF4-8B64-4D63-B7AD-9E30705EF6FB}.Release|Any CPU.ActiveCfg = Release|Any CPU
		{9C1DFEF4-8B64-4D63-B7AD-9E30705EF6FB}.Release|Any CPU.Build.0 = Release|Any CPU
	EndGlobalSection
EndGlobal
